dependencies:
  espressif/button:
    component_hash: 16a2f5c573e5b6bac30565fdd4b20a155f24a4b438ae1a3cced89ea84ddce7ae
    source:
      service_url: https://api.components.espressif.com/
      type: service
    version: 3.2.1
  espressif/cmake_utilities:
    component_hash: 351350613ceafba240b761b4ea991e0f231ac7a9f59a9ee901f751bddc0bb18f
    source:
      service_url: https://api.components.espressif.com/
      type: service
    version: 0.5.3
  idf:
    component_hash: null
    source:
      type: idf
    version: 5.2.2
  lvgl/lvgl:
    component_hash: d7c1ac037ae6e85d94897f807d6e7ba0946a83e720074fc95a4f6241da9f9f53
    source:
      service_url: https://api.components.espressif.com/
      type: service
    version: 8.4.0
  protocol_examples_common:
    component_hash: null
    source:
      path: /home/mudderschiff/esp/v5.2.2/esp-idf/examples/common_components/protocol_examples_common
      type: local
    version: '*'
manifest_hash: f35718ecb1e76ff9f3e5f6ddb1240237b3d4d35963353e26abfa3a26f5af3fb1
target: esp32
version: 1.0.0
