dependencies:
  espressif/button:
    component_hash: 16a2f5c573e5b6bac30565fdd4b20a155f24a4b438ae1a3cced89ea84ddce7ae
    source:
      service_url: https://api.components.espressif.com/
      type: service
    version: 3.2.1
  espressif/cmake_utilities:
    component_hash: 351350613ceafba240b761b4ea991e0f231ac7a9f59a9ee901f751bddc0bb18f
    source:
      service_url: https://api.components.espressif.com/
      type: service
    version: 0.5.3
  idf:
    component_hash: null
    source:
      type: idf
    version: 5.2.2
  protocol_examples_common:
    component_hash: null
    source:
      path: /home/mudderschiff/esp/v5.2.2/esp-idf/examples/common_components/protocol_examples_common
      type: local
    version: '*'
manifest_hash: 2da5f2aa4762689f2d47ca9e509467e283c82c72e9ca33821ae6fe591e141289
target: esp32
version: 1.0.0
